
Microsoft Visual Studio Solution File, Format Version 12.00
# Visual Studio Version 17
VisualStudioVersion = 17.7.34221.43
MinimumVisualStudioVersion = 10.0.40219.1
Project("{FAE04EC0-301F-11D3-BF4B-00C04F79EFBC}") = "weather-app-backend", "weather-app-backend\weather-app-backend.csproj", "{5214077F-3E4C-4B69-88DE-1F0DB02D4431}"
EndProject
Global
	GlobalSection(SolutionConfigurationPlatforms) = preSolution
		Debug|Any CPU = Debug|Any CPU
		Release|Any CPU = Release|Any CPU
	EndGlobalSection
	GlobalSection(ProjectConfigurationPlatforms) = postSolution
		{5214077F-3E4C-4B69-88DE-1F0DB02D4431}.Debug|Any CPU.ActiveCfg = Debug|Any CPU
		{5214077F-3E4C-4B69-88DE-1F0DB02D4431}.Debug|Any CPU.Build.0 = Debug|Any CPU
		{5214077F-3E4C-4B69-88DE-1F0DB02D4431}.Release|Any CPU.ActiveCfg = Release|Any CPU
		{5214077F-3E4C-4B69-88DE-1F0DB02D4431}.Release|Any CPU.Build.0 = Release|Any CPU
	EndGlobalSection
	GlobalSection(SolutionProperties) = preSolution
		HideSolutionNode = FALSE
	EndGlobalSection
	GlobalSection(ExtensibilityGlobals) = postSolution
		SolutionGuid = {FFACA923-2CAD-4E38-AB6B-4B964647AD7E}
	EndGlobalSection
EndGlobal
